
Microsoft Visual Studio Solution File, Format Version 12.00
# Visual Studio Version 16
VisualStudioVersion = 16.0.32602.291
MinimumVisualStudioVersion = 10.0.40219.1
Project("{F184B08F-C81C-45F6-A57F-5ABD9991F28F}") = "Super_Pos", "Super_Pos\Super_Pos.vbproj", "{7067A652-1DA2-4E2D-A8AA-D84AF0D9521F}"
EndProject
Global
	GlobalSection(SolutionConfigurationPlatforms) = preSolution
		Debug|Any CPU = Debug|Any CPU
		Release|Any CPU = Release|Any CPU
	EndGlobalSection
	GlobalSection(ProjectConfigurationPlatforms) = postSolution
		{7067A652-1DA2-4E2D-A8AA-D84AF0D9521F}.Debug|Any CPU.ActiveCfg = Debug|Any CPU
		{7067A652-1DA2-4E2D-A8AA-D84AF0D9521F}.Debug|Any CPU.Build.0 = Debug|Any CPU
		{7067A652-1DA2-4E2D-A8AA-D84AF0D9521F}.Release|Any CPU.ActiveCfg = Release|Any CPU
		{7067A652-1DA2-4E2D-A8AA-D84AF0D9521F}.Release|Any CPU.Build.0 = Release|Any CPU
	EndGlobalSection
	GlobalSection(SolutionProperties) = preSolution
		HideSolutionNode = FALSE
	EndGlobalSection
	GlobalSection(ExtensibilityGlobals) = postSolution
		SolutionGuid = {A69EBB2C-9B5A-42E6-9AE0-A447A0462B17}
	EndGlobalSection
EndGlobal
